
Microsoft Visual Studio Solution File, Format Version 12.00
# Visual Studio 15
VisualStudioVersion = 15.0.26124.0
MinimumVisualStudioVersion = 15.0.26124.0
Project("{2150E333-8FDC-42A3-9474-1A3956D46DE8}") = "src", "src", "{1650027F-9587-4C03-9474-7064B1ED8F47}"
EndProject
Project("{FAE04EC0-301F-11D3-BF4B-00C04F79EFBC}") = "Trollo.API", "src\Trollo.API\Trollo.API.csproj", "{248CC81E-5F6B-41E3-83E1-01097CC24AF1}"
EndProject
Project("{FAE04EC0-301F-11D3-BF4B-00C04F79EFBC}") = "Trollo.Common", "src\Trollo.Common\Trollo.Common.csproj", "{176351E0-947C-4A3E-A279-456AC435F2D6}"
EndProject
Project("{FAE04EC0-301F-11D3-BF4B-00C04F79EFBC}") = "Trollo.Identity", "src\Trollo.Identity\Trollo.Identity.csproj", "{63D02BF4-CC50-4011-9FFE-491EEA47A847}"
EndProject
Global
	GlobalSection(SolutionConfigurationPlatforms) = preSolution
		Debug|Any CPU = Debug|Any CPU
		Debug|x64 = Debug|x64
		Debug|x86 = Debug|x86
		Release|Any CPU = Release|Any CPU
		Release|x64 = Release|x64
		Release|x86 = Release|x86
	EndGlobalSection
	GlobalSection(SolutionProperties) = preSolution
		HideSolutionNode = FALSE
	EndGlobalSection
	GlobalSection(ProjectConfigurationPlatforms) = postSolution
		{248CC81E-5F6B-41E3-83E1-01097CC24AF1}.Debug|Any CPU.ActiveCfg = Debug|Any CPU
		{248CC81E-5F6B-41E3-83E1-01097CC24AF1}.Debug|Any CPU.Build.0 = Debug|Any CPU
		{248CC81E-5F6B-41E3-83E1-01097CC24AF1}.Debug|x64.ActiveCfg = Debug|Any CPU
		{248CC81E-5F6B-41E3-83E1-01097CC24AF1}.Debug|x64.Build.0 = Debug|Any CPU
		{248CC81E-5F6B-41E3-83E1-01097CC24AF1}.Debug|x86.ActiveCfg = Debug|Any CPU
		{248CC81E-5F6B-41E3-83E1-01097CC24AF1}.Debug|x86.Build.0 = Debug|Any CPU
		{248CC81E-5F6B-41E3-83E1-01097CC24AF1}.Release|Any CPU.ActiveCfg = Release|Any CPU
		{248CC81E-5F6B-41E3-83E1-01097CC24AF1}.Release|Any CPU.Build.0 = Release|Any CPU
		{248CC81E-5F6B-41E3-83E1-01097CC24AF1}.Release|x64.ActiveCfg = Release|Any CPU
		{248CC81E-5F6B-41E3-83E1-01097CC24AF1}.Release|x64.Build.0 = Release|Any CPU
		{248CC81E-5F6B-41E3-83E1-01097CC24AF1}.Release|x86.ActiveCfg = Release|Any CPU
		{248CC81E-5F6B-41E3-83E1-01097CC24AF1}.Release|x86.Build.0 = Release|Any CPU
		{176351E0-947C-4A3E-A279-456AC435F2D6}.Debug|Any CPU.ActiveCfg = Debug|Any CPU
		{176351E0-947C-4A3E-A279-456AC435F2D6}.Debug|Any CPU.Build.0 = Debug|Any CPU
		{176351E0-947C-4A3E-A279-456AC435F2D6}.Debug|x64.ActiveCfg = Debug|Any CPU
		{176351E0-947C-4A3E-A279-456AC435F2D6}.Debug|x64.Build.0 = Debug|Any CPU
		{176351E0-947C-4A3E-A279-456AC435F2D6}.Debug|x86.ActiveCfg = Debug|Any CPU
		{176351E0-947C-4A3E-A279-456AC435F2D6}.Debug|x86.Build.0 = Debug|Any CPU
		{176351E0-947C-4A3E-A279-456AC435F2D6}.Release|Any CPU.ActiveCfg = Release|Any CPU
		{176351E0-947C-4A3E-A279-456AC435F2D6}.Release|Any CPU.Build.0 = Release|Any CPU
		{176351E0-947C-4A3E-A279-456AC435F2D6}.Release|x64.ActiveCfg = Release|Any CPU
		{176351E0-947C-4A3E-A279-456AC435F2D6}.Release|x64.Build.0 = Release|Any CPU
		{176351E0-947C-4A3E-A279-456AC435F2D6}.Release|x86.ActiveCfg = Release|Any CPU
		{176351E0-947C-4A3E-A279-456AC435F2D6}.Release|x86.Build.0 = Release|Any CPU
		{63D02BF4-CC50-4011-9FFE-491EEA47A847}.Debug|Any CPU.ActiveCfg = Debug|Any CPU
		{63D02BF4-CC50-4011-9FFE-491EEA47A847}.Debug|Any CPU.Build.0 = Debug|Any CPU
		{63D02BF4-CC50-4011-9FFE-491EEA47A847}.Debug|x64.ActiveCfg = Debug|Any CPU
		{63D02BF4-CC50-4011-9FFE-491EEA47A847}.Debug|x64.Build.0 = Debug|Any CPU
		{63D02BF4-CC50-4011-9FFE-491EEA47A847}.Debug|x86.ActiveCfg = Debug|Any CPU
		{63D02BF4-CC50-4011-9FFE-491EEA47A847}.Debug|x86.Build.0 = Debug|Any CPU
		{63D02BF4-CC50-4011-9FFE-491EEA47A847}.Release|Any CPU.ActiveCfg = Release|Any CPU
		{63D02BF4-CC50-4011-9FFE-491EEA47A847}.Release|Any CPU.Build.0 = Release|Any CPU
		{63D02BF4-CC50-4011-9FFE-491EEA47A847}.Release|x64.ActiveCfg = Release|Any CPU
		{63D02BF4-CC50-4011-9FFE-491EEA47A847}.Release|x64.Build.0 = Release|Any CPU
		{63D02BF4-CC50-4011-9FFE-491EEA47A847}.Release|x86.ActiveCfg = Release|Any CPU
		{63D02BF4-CC50-4011-9FFE-491EEA47A847}.Release|x86.Build.0 = Release|Any CPU
	EndGlobalSection
	GlobalSection(NestedProjects) = preSolution
		{248CC81E-5F6B-41E3-83E1-01097CC24AF1} = {1650027F-9587-4C03-9474-7064B1ED8F47}
		{176351E0-947C-4A3E-A279-456AC435F2D6} = {1650027F-9587-4C03-9474-7064B1ED8F47}
		{63D02BF4-CC50-4011-9FFE-491EEA47A847} = {1650027F-9587-4C03-9474-7064B1ED8F47}
	EndGlobalSection
EndGlobal
